
Microsoft Visual Studio Solution File, Format Version 12.00
# Visual Studio 2012
Project("{8BC9CEB8-8B4A-11D0-8D11-00A0C91BC942}") = "gutlib", "gutlib\gutlib.vcxproj", "{C02956DD-0182-4516-BAF7-C3113A712683}"
EndProject
Project("{2150E333-8FDC-42A3-9474-1A3956D46DE8}") = "lib", "lib", "{F28DF971-E4A0-41AE-BA78-41E09E6BD903}"
EndProject
Project("{2150E333-8FDC-42A3-9474-1A3956D46DE8}") = "chap02", "chap02", "{6A1C3414-E5E7-443C-87B3-D1739DDBED54}"
EndProject
Project("{8BC9CEB8-8B4A-11D0-8D11-00A0C91BC942}") = "02_point", "chap02\02_point.vcxproj", "{112EBA8C-1428-4F69-AB5F-D51063FADFA8}"
	ProjectSection(ProjectDependencies) = postProject
		{C02956DD-0182-4516-BAF7-C3113A712683} = {C02956DD-0182-4516-BAF7-C3113A712683}
	EndProjectSection
EndProject
Project("{2150E333-8FDC-42A3-9474-1A3956D46DE8}") = "chap16", "chap16", "{CF1CCBA3-EC7E-4106-9F56-EFB06843669E}"
EndProject
Project("{8BC9CEB8-8B4A-11D0-8D11-00A0C91BC942}") = "16_DeferredLighting", "chap16\16_DeferredLighting.vcxproj", "{EE9BE35D-364D-4B97-BAF8-87F296E9AEA5}"
	ProjectSection(ProjectDependencies) = postProject
		{C02956DD-0182-4516-BAF7-C3113A712683} = {C02956DD-0182-4516-BAF7-C3113A712683}
	EndProjectSection
EndProject
Project("{8BC9CEB8-8B4A-11D0-8D11-00A0C91BC942}") = "16_AutoExposure", "chap16\16_AutoExposure.vcxproj", "{6F4604BD-B7F9-44F3-8EF3-6060211E3E03}"
	ProjectSection(ProjectDependencies) = postProject
		{C02956DD-0182-4516-BAF7-C3113A712683} = {C02956DD-0182-4516-BAF7-C3113A712683}
	EndProjectSection
EndProject
Project("{2150E333-8FDC-42A3-9474-1A3956D46DE8}") = "chap14", "chap14", "{7751B834-207D-4F88-B085-306B221E1A7B}"
EndProject
Project("{8BC9CEB8-8B4A-11D0-8D11-00A0C91BC942}") = "14_VertexCompression", "chap14\14_VertexCompression.vcxproj", "{18C5DF2C-A032-4130-91CB-CD7CE1CADEC7}"
	ProjectSection(ProjectDependencies) = postProject
		{C02956DD-0182-4516-BAF7-C3113A712683} = {C02956DD-0182-4516-BAF7-C3113A712683}
	EndProjectSection
EndProject
Project("{8BC9CEB8-8B4A-11D0-8D11-00A0C91BC942}") = "14_Shadowmap", "chap14\14_Shadowmap.vcxproj", "{CFC8C125-F0B4-4132-8891-928177980D26}"
	ProjectSection(ProjectDependencies) = postProject
		{C02956DD-0182-4516-BAF7-C3113A712683} = {C02956DD-0182-4516-BAF7-C3113A712683}
	EndProjectSection
EndProject
Project("{8BC9CEB8-8B4A-11D0-8D11-00A0C91BC942}") = "14_ImageProcess", "chap14\14_ImageProcess.vcxproj", "{14DFF947-A49F-4FF6-A611-91644A74ABC6}"
	ProjectSection(ProjectDependencies) = postProject
		{C02956DD-0182-4516-BAF7-C3113A712683} = {C02956DD-0182-4516-BAF7-C3113A712683}
	EndProjectSection
EndProject
Global
	GlobalSection(SolutionConfigurationPlatforms) = preSolution
		Debug|Win32 = Debug|Win32
		Release|Win32 = Release|Win32
	EndGlobalSection
	GlobalSection(ProjectConfigurationPlatforms) = postSolution
		{C02956DD-0182-4516-BAF7-C3113A712683}.Debug|Win32.ActiveCfg = Debug|Win32
		{C02956DD-0182-4516-BAF7-C3113A712683}.Debug|Win32.Build.0 = Debug|Win32
		{C02956DD-0182-4516-BAF7-C3113A712683}.Release|Win32.ActiveCfg = Release|Win32
		{C02956DD-0182-4516-BAF7-C3113A712683}.Release|Win32.Build.0 = Release|Win32
		{112EBA8C-1428-4F69-AB5F-D51063FADFA8}.Debug|Win32.ActiveCfg = Debug|Win32
		{112EBA8C-1428-4F69-AB5F-D51063FADFA8}.Debug|Win32.Build.0 = Debug|Win32
		{112EBA8C-1428-4F69-AB5F-D51063FADFA8}.Release|Win32.ActiveCfg = Release|Win32
		{112EBA8C-1428-4F69-AB5F-D51063FADFA8}.Release|Win32.Build.0 = Release|Win32
		{EE9BE35D-364D-4B97-BAF8-87F296E9AEA5}.Debug|Win32.ActiveCfg = Debug|Win32
		{EE9BE35D-364D-4B97-BAF8-87F296E9AEA5}.Debug|Win32.Build.0 = Debug|Win32
		{EE9BE35D-364D-4B97-BAF8-87F296E9AEA5}.Release|Win32.ActiveCfg = Release|Win32
		{EE9BE35D-364D-4B97-BAF8-87F296E9AEA5}.Release|Win32.Build.0 = Release|Win32
		{6F4604BD-B7F9-44F3-8EF3-6060211E3E03}.Debug|Win32.ActiveCfg = Debug|Win32
		{6F4604BD-B7F9-44F3-8EF3-6060211E3E03}.Debug|Win32.Build.0 = Debug|Win32
		{6F4604BD-B7F9-44F3-8EF3-6060211E3E03}.Release|Win32.ActiveCfg = Release|Win32
		{6F4604BD-B7F9-44F3-8EF3-6060211E3E03}.Release|Win32.Build.0 = Release|Win32
		{18C5DF2C-A032-4130-91CB-CD7CE1CADEC7}.Debug|Win32.ActiveCfg = Debug|Win32
		{18C5DF2C-A032-4130-91CB-CD7CE1CADEC7}.Debug|Win32.Build.0 = Debug|Win32
		{18C5DF2C-A032-4130-91CB-CD7CE1CADEC7}.Release|Win32.ActiveCfg = Release|Win32
		{18C5DF2C-A032-4130-91CB-CD7CE1CADEC7}.Release|Win32.Build.0 = Release|Win32
		{CFC8C125-F0B4-4132-8891-928177980D26}.Debug|Win32.ActiveCfg = Debug|Win32
		{CFC8C125-F0B4-4132-8891-928177980D26}.Debug|Win32.Build.0 = Debug|Win32
		{CFC8C125-F0B4-4132-8891-928177980D26}.Release|Win32.ActiveCfg = Release|Win32
		{CFC8C125-F0B4-4132-8891-928177980D26}.Release|Win32.Build.0 = Release|Win32
		{14DFF947-A49F-4FF6-A611-91644A74ABC6}.Debug|Win32.ActiveCfg = Debug|Win32
		{14DFF947-A49F-4FF6-A611-91644A74ABC6}.Debug|Win32.Build.0 = Debug|Win32
		{14DFF947-A49F-4FF6-A611-91644A74ABC6}.Release|Win32.ActiveCfg = Release|Win32
		{14DFF947-A49F-4FF6-A611-91644A74ABC6}.Release|Win32.Build.0 = Release|Win32
	EndGlobalSection
	GlobalSection(SolutionProperties) = preSolution
		HideSolutionNode = FALSE
	EndGlobalSection
	GlobalSection(NestedProjects) = preSolution
		{C02956DD-0182-4516-BAF7-C3113A712683} = {F28DF971-E4A0-41AE-BA78-41E09E6BD903}
		{112EBA8C-1428-4F69-AB5F-D51063FADFA8} = {6A1C3414-E5E7-443C-87B3-D1739DDBED54}
		{EE9BE35D-364D-4B97-BAF8-87F296E9AEA5} = {CF1CCBA3-EC7E-4106-9F56-EFB06843669E}
		{6F4604BD-B7F9-44F3-8EF3-6060211E3E03} = {CF1CCBA3-EC7E-4106-9F56-EFB06843669E}
		{18C5DF2C-A032-4130-91CB-CD7CE1CADEC7} = {7751B834-207D-4F88-B085-306B221E1A7B}
		{CFC8C125-F0B4-4132-8891-928177980D26} = {7751B834-207D-4F88-B085-306B221E1A7B}
		{14DFF947-A49F-4FF6-A611-91644A74ABC6} = {7751B834-207D-4F88-B085-306B221E1A7B}
	EndGlobalSection
EndGlobal
